// !$*UTF8*$!
{
	archiveVersion = 1;
	classes = {
	};
	objectVersion = 50;
	objects = {

/* Begin PBXBuildFile section */
		E1240E882433647000AA96DF /* CoreData.framework in Frameworks */ = {isa = PBXBuildFile; fileRef = E1240E872433647000AA96DF /* CoreData.framework */; };
		E1240E8B243364C500AA96DF /* Models.xcdatamodeld in Sources */ = {isa = PBXBuildFile; fileRef = E1240E89243364C500AA96DF /* Models.xcdatamodeld */; };
		E18E0E852427A2D5004D601E /* AppDelegate.swift in Sources */ = {isa = PBXBuildFile; fileRef = E18E0E842427A2D5004D601E /* AppDelegate.swift */; };
		E18E0E872427A2D5004D601E /* SceneDelegate.swift in Sources */ = {isa = PBXBuildFile; fileRef = E18E0E862427A2D5004D601E /* SceneDelegate.swift */; };
		E18E0E892427A2D5004D601E /* ViewController.swift in Sources */ = {isa = PBXBuildFile; fileRef = E18E0E882427A2D5004D601E /* ViewController.swift */; };
		E18E0E8C2427A2D5004D601E /* Main.storyboard in Resources */ = {isa = PBXBuildFile; fileRef = E18E0E8A2427A2D5004D601E /* Main.storyboard */; };
		E18E0E8E2427A2D8004D601E /* Assets.xcassets in Resources */ = {isa = PBXBuildFile; fileRef = E18E0E8D2427A2D8004D601E /* Assets.xcassets */; };
		E18E0E912427A2D8004D601E /* LaunchScreen.storyboard in Resources */ = {isa = PBXBuildFile; fileRef = E18E0E8F2427A2D8004D601E /* LaunchScreen.storyboard */; };
		E18E0E992427AB78004D601E /* SettingViewController.swift in Sources */ = {isa = PBXBuildFile; fileRef = E18E0E982427AB78004D601E /* SettingViewController.swift */; };
		E18E0E9B24284BD2004D601E /* ResumeViewController.swift in Sources */ = {isa = PBXBuildFile; fileRef = E18E0E9A24284BD2004D601E /* ResumeViewController.swift */; };
		E18E0E9F242A3D5A004D601E /* LoadMoreTableCell.swift in Sources */ = {isa = PBXBuildFile; fileRef = E18E0E9E242A3D5A004D601E /* LoadMoreTableCell.swift */; };
		E18E0EA3242E40FB004D601E /* PersonalCell.swift in Sources */ = {isa = PBXBuildFile; fileRef = E18E0EA2242E40FB004D601E /* PersonalCell.swift */; };
		E1DE7441242F921C006FEA46 /* kitten.png in Resources */ = {isa = PBXBuildFile; fileRef = E1DE7440242F921C006FEA46 /* kitten.png */; };
/* End PBXBuildFile section */

/* Begin PBXFileReference section */
		E1240E872433647000AA96DF /* CoreData.framework */ = {isa = PBXFileReference; lastKnownFileType = wrapper.framework; name = CoreData.framework; path = System/Library/Frameworks/CoreData.framework; sourceTree = SDKROOT; };
		E1240E8A243364C500AA96DF /* Models.xcdatamodel */ = {isa = PBXFileReference; lastKnownFileType = wrapper.xcdatamodel; path = Models.xcdatamodel; sourceTree = "<group>"; };
		E18E0E812427A2D5004D601E /* ResumeApp.app */ = {isa = PBXFileReference; explicitFileType = wrapper.application; includeInIndex = 0; path = ResumeApp.app; sourceTree = BUILT_PRODUCTS_DIR; };
		E18E0E842427A2D5004D601E /* AppDelegate.swift */ = {isa = PBXFileReference; lastKnownFileType = sourcecode.swift; path = AppDelegate.swift; sourceTree = "<group>"; };
		E18E0E862427A2D5004D601E /* SceneDelegate.swift */ = {isa = PBXFileReference; lastKnownFileType = sourcecode.swift; path = SceneDelegate.swift; sourceTree = "<group>"; };
		E18E0E882427A2D5004D601E /* ViewController.swift */ = {isa = PBXFileReference; lastKnownFileType = sourcecode.swift; path = ViewController.swift; sourceTree = "<group>"; };
		E18E0E8B2427A2D5004D601E /* Base */ = {isa = PBXFileReference; lastKnownFileType = file.storyboard; name = Base; path = Base.lproj/Main.storyboard; sourceTree = "<group>"; };
		E18E0E8D2427A2D8004D601E /* Assets.xcassets */ = {isa = PBXFileReference; lastKnownFileType = folder.assetcatalog; path = Assets.xcassets; sourceTree = "<group>"; };
		E18E0E902427A2D8004D601E /* Base */ = {isa = PBXFileReference; lastKnownFileType = file.storyboard; name = Base; path = Base.lproj/LaunchScreen.storyboard; sourceTree = "<group>"; };
		E18E0E922427A2D8004D601E /* Info.plist */ = {isa = PBXFileReference; lastKnownFileType = text.plist.xml; path = Info.plist; sourceTree = "<group>"; };
		E18E0E982427AB78004D601E /* SettingViewController.swift */ = {isa = PBXFileReference; lastKnownFileType = sourcecode.swift; path = SettingViewController.swift; sourceTree = "<group>"; };
		E18E0E9A24284BD2004D601E /* ResumeViewController.swift */ = {isa = PBXFileReference; lastKnownFileType = sourcecode.swift; path = ResumeViewController.swift; sourceTree = "<group>"; };
		E18E0E9E242A3D5A004D601E /* LoadMoreTableCell.swift */ = {isa = PBXFileReference; lastKnownFileType = sourcecode.swift; path = LoadMoreTableCell.swift; sourceTree = "<group>"; };
		E18E0EA2242E40FB004D601E /* PersonalCell.swift */ = {isa = PBXFileReference; lastKnownFileType = sourcecode.swift; path = PersonalCell.swift; sourceTree = "<group>"; };
		E1DE7440242F921C006FEA46 /* kitten.png */ = {isa = PBXFileReference; lastKnownFileType = image.png; path = kitten.png; sourceTree = "<group>"; };
/* End PBXFileReference section */

/* Begin PBXFrameworksBuildPhase section */
		E18E0E7E2427A2D5004D601E /* Frameworks */ = {
			isa = PBXFrameworksBuildPhase;
			buildActionMask = 2147483647;
			files = (
				E1240E882433647000AA96DF /* CoreData.framework in Frameworks */,
			);
			runOnlyForDeploymentPostprocessing = 0;
		};
/* End PBXFrameworksBuildPhase section */

/* Begin PBXGroup section */
		E1240E862433647000AA96DF /* Frameworks */ = {
			isa = PBXGroup;
			children = (
				E1240E872433647000AA96DF /* CoreData.framework */,
			);
			name = Frameworks;
			sourceTree = "<group>";
		};
		E18E0E782427A2D5004D601E = {
			isa = PBXGroup;
			children = (
				E18E0E832427A2D5004D601E /* ResumeApp */,
				E18E0E822427A2D5004D601E /* Products */,
				E1240E862433647000AA96DF /* Frameworks */,
			);
			sourceTree = "<group>";
		};
		E18E0E822427A2D5004D601E /* Products */ = {
			isa = PBXGroup;
			children = (
				E18E0E812427A2D5004D601E /* ResumeApp.app */,
			);
			name = Products;
			sourceTree = "<group>";
		};
		E18E0E832427A2D5004D601E /* ResumeApp */ = {
			isa = PBXGroup;
			children = (
				E18E0E842427A2D5004D601E /* AppDelegate.swift */,
				E18E0E862427A2D5004D601E /* SceneDelegate.swift */,
				E18E0E882427A2D5004D601E /* ViewController.swift */,
				E18E0E8A2427A2D5004D601E /* Main.storyboard */,
				E18E0E8D2427A2D8004D601E /* Assets.xcassets */,
				E18E0E8F2427A2D8004D601E /* LaunchScreen.storyboard */,
				E18E0E922427A2D8004D601E /* Info.plist */,
				E18E0E982427AB78004D601E /* SettingViewController.swift */,
				E18E0E9A24284BD2004D601E /* ResumeViewController.swift */,
				E18E0E9E242A3D5A004D601E /* LoadMoreTableCell.swift */,
				E18E0EA2242E40FB004D601E /* PersonalCell.swift */,
				E1DE7440242F921C006FEA46 /* kitten.png */,
				E1240E89243364C500AA96DF /* Models.xcdatamodeld */,
			);
			path = ResumeApp;
			sourceTree = "<group>";
		};
/* End PBXGroup section */

/* Begin PBXNativeTarget section */
		E18E0E802427A2D5004D601E /* ResumeApp */ = {
			isa = PBXNativeTarget;
			buildConfigurationList = E18E0E952427A2D8004D601E /* Build configuration list for PBXNativeTarget "ResumeApp" */;
			buildPhases = (
				E18E0E7D2427A2D5004D601E /* Sources */,
				E18E0E7E2427A2D5004D601E /* Frameworks */,
				E18E0E7F2427A2D5004D601E /* Resources */,
			);
			buildRules = (
			);
			dependencies = (
			);
			name = ResumeApp;
			productName = ResumeApp;
			productReference = E18E0E812427A2D5004D601E /* ResumeApp.app */;
			productType = "com.apple.product-type.application";
		};
/* End PBXNativeTarget section */

/* Begin PBXProject section */
		E18E0E792427A2D5004D601E /* Project object */ = {
			isa = PBXProject;
			attributes = {
				LastSwiftUpdateCheck = 1130;
				LastUpgradeCheck = 1130;
				ORGANIZATIONNAME = "卢怡萱";
				TargetAttributes = {
					E18E0E802427A2D5004D601E = {
						CreatedOnToolsVersion = 11.3.1;
					};
				};
			};
			buildConfigurationList = E18E0E7C2427A2D5004D601E /* Build configuration list for PBXProject "ResumeApp" */;
			compatibilityVersion = "Xcode 9.3";
			developmentRegion = en;
			hasScannedForEncodings = 0;
			knownRegions = (
				en,
				Base,
			);
			mainGroup = E18E0E782427A2D5004D601E;
			productRefGroup = E18E0E822427A2D5004D601E /* Products */;
			projectDirPath = "";
			projectRoot = "";
			targets = (
				E18E0E802427A2D5004D601E /* ResumeApp */,
			);
		};
/* End PBXProject section */

/* Begin PBXResourcesBuildPhase section */
		E18E0E7F2427A2D5004D601E /* Resources */ = {
			isa = PBXResourcesBuildPhase;
			buildActionMask = 2147483647;
			files = (
				E1DE7441242F921C006FEA46 /* kitten.png in Resources */,
				E18E0E912427A2D8004D601E /* LaunchScreen.storyboard in Resources */,
				E18E0E8E2427A2D8004D601E /* Assets.xcassets in Resources */,
				E18E0E8C2427A2D5004D601E /* Main.storyboard in Resources */,
			);
			runOnlyForDeploymentPostprocessing = 0;
		};
/* End PBXResourcesBuildPhase section */

/* Begin PBXSourcesBuildPhase section */
		E18E0E7D2427A2D5004D601E /* Sources */ = {
			isa = PBXSourcesBuildPhase;
			buildActionMask = 2147483647;
			files = (
				E18E0E892427A2D5004D601E /* ViewController.swift in Sources */,
				E18E0E852427A2D5004D601E /* AppDelegate.swift in Sources */,
				E18E0E872427A2D5004D601E /* SceneDelegate.swift in Sources */,
				E18E0E9F242A3D5A004D601E /* LoadMoreTableCell.swift in Sources */,
				E18E0E9B24284BD2004D601E /* ResumeViewController.swift in Sources */,
				E18E0EA3242E40FB004D601E /* PersonalCell.swift in Sources */,
				E18E0E992427AB78004D601E /* SettingViewController.swift in Sources */,
				E1240E8B243364C500AA96DF /* Models.xcdatamodeld in Sources */,
			);
			runOnlyForDeploymentPostprocessing = 0;
		};
/* End PBXSourcesBuildPhase section */

/* Begin PBXVariantGroup section */
		E18E0E8A2427A2D5004D601E /* Main.storyboard */ = {
			isa = PBXVariantGroup;
			children = (
				E18E0E8B2427A2D5004D601E /* Base */,
			);
			name = Main.storyboard;
			sourceTree = "<group>";
		};
		E18E0E8F2427A2D8004D601E /* LaunchScreen.storyboard */ = {
			isa = PBXVariantGroup;
			children = (
				E18E0E902427A2D8004D601E /* Base */,
			);
			name = LaunchScreen.storyboard;
			sourceTree = "<group>";
		};
/* End PBXVariantGroup section */

/* Begin XCBuildConfiguration section */
		E18E0E932427A2D8004D601E /* Debug */ = {
			isa = XCBuildConfiguration;
			buildSettings = {
				ALWAYS_SEARCH_USER_PATHS = NO;
				CLANG_ANALYZER_NONNULL = YES;
				CLANG_ANALYZER_NUMBER_OBJECT_CONVERSION = YES_AGGRESSIVE;
				CLANG_CXX_LANGUAGE_STANDARD = "gnu++14";
				CLANG_CXX_LIBRARY = "libc++";
				CLANG_ENABLE_MODULES = YES;
				CLANG_ENABLE_OBJC_ARC = YES;
				CLANG_ENABLE_OBJC_WEAK = YES;
				CLANG_WARN_BLOCK_CAPTURE_AUTORELEASING = YES;
				CLANG_WARN_BOOL_CONVERSION = YES;
				CLANG_WARN_COMMA = YES;
				CLANG_WARN_CONSTANT_CONVERSION = YES;
				CLANG_WARN_DEPRECATED_OBJC_IMPLEMENTATIONS = YES;
				CLANG_WARN_DIRECT_OBJC_ISA_USAGE = YES_ERROR;
				CLANG_WARN_DOCUMENTATION_COMMENTS = YES;
				CLANG_WARN_EMPTY_BODY = YES;
				CLANG_WARN_ENUM_CONVERSION = YES;
				CLANG_WARN_INFINITE_RECURSION = YES;
				CLANG_WARN_INT_CONVERSION = YES;
				CLANG_WARN_NON_LITERAL_NULL_CONVERSION = YES;
				CLANG_WARN_OBJC_IMPLICIT_RETAIN_SELF = YES;
				CLANG_WARN_OBJC_LITERAL_CONVERSION = YES;
				CLANG_WARN_OBJC_ROOT_CLASS = YES_ERROR;
				CLANG_WARN_RANGE_LOOP_ANALYSIS = YES;
				CLANG_WARN_STRICT_PROTOTYPES = YES;
				CLANG_WARN_SUSPICIOUS_MOVE = YES;
				CLANG_WARN_UNGUARDED_AVAILABILITY = YES_AGGRESSIVE;
				CLANG_WARN_UNREACHABLE_CODE = YES;
				CLANG_WARN__DUPLICATE_METHOD_MATCH = YES;
				COPY_PHASE_STRIP = NO;
				DEBUG_INFORMATION_FORMAT = dwarf;
				ENABLE_STRICT_OBJC_MSGSEND = YES;
				ENABLE_TESTABILITY = YES;
				GCC_C_LANGUAGE_STANDARD = gnu11;
				GCC_DYNAMIC_NO_PIC = NO;
				GCC_NO_COMMON_BLOCKS = YES;
				GCC_OPTIMIZATION_LEVEL = 0;
				GCC_PREPROCESSOR_DEFINITIONS = (
					"DEBUG=1",
					"$(inherited)",
				);
				GCC_WARN_64_TO_32_BIT_CONVERSION = YES;
				GCC_WARN_ABOUT_RETURN_TYPE = YES_ERROR;
				GCC_WARN_UNDECLARED_SELECTOR = YES;
				GCC_WARN_UNINITIALIZED_AUTOS = YES_AGGRESSIVE;
				GCC_WARN_UNUSED_FUNCTION = YES;
				GCC_WARN_UNUSED_VARIABLE = YES;
				IPHONEOS_DEPLOYMENT_TARGET = 13.2;
				MTL_ENABLE_DEBUG_INFO = INCLUDE_SOURCE;
				MTL_FAST_MATH = YES;
				ONLY_ACTIVE_ARCH = YES;
				SDKROOT = iphoneos;
				SWIFT_ACTIVE_COMPILATION_CONDITIONS = DEBUG;
				SWIFT_OPTIMIZATION_LEVEL = "-Onone";
			};
			name = Debug;
		};
		E18E0E942427A2D8004D601E /* Release */ = {
			isa = XCBuildConfiguration;
			buildSettings = {
				ALWAYS_SEARCH_USER_PATHS = NO;
				CLANG_ANALYZER_NONNULL = YES;
				CLANG_ANALYZER_NUMBER_OBJECT_CONVERSION = YES_AGGRESSIVE;
				CLANG_CXX_LANGUAGE_STANDARD = "gnu++14";
				CLANG_CXX_LIBRARY = "libc++";
				CLANG_ENABLE_MODULES = YES;
				CLANG_ENABLE_OBJC_ARC = YES;
				CLANG_ENABLE_OBJC_WEAK = YES;
				CLANG_WARN_BLOCK_CAPTURE_AUTORELEASING = YES;
				CLANG_WARN_BOOL_CONVERSION = YES;
				CLANG_WARN_COMMA = YES;
				CLANG_WARN_CONSTANT_CONVERSION = YES;
				CLANG_WARN_DEPRECATED_OBJC_IMPLEMENTATIONS = YES;
				CLANG_WARN_DIRECT_OBJC_ISA_USAGE = YES_ERROR;
				CLANG_WARN_DOCUMENTATION_COMMENTS = YES;
				CLANG_WARN_EMPTY_BODY = YES;
				CLANG_WARN_ENUM_CONVERSION = YES;
				CLANG_WARN_INFINITE_RECURSION = YES;
				CLANG_WARN_INT_CONVERSION = YES;
				CLANG_WARN_NON_LITERAL_NULL_CONVERSION = YES;
				CLANG_WARN_OBJC_IMPLICIT_RETAIN_SELF = YES;
				CLANG_WARN_OBJC_LITERAL_CONVERSION = YES;
				CLANG_WARN_OBJC_ROOT_CLASS = YES_ERROR;
				CLANG_WARN_RANGE_LOOP_ANALYSIS = YES;
				CLANG_WARN_STRICT_PROTOTYPES = YES;
				CLANG_WARN_SUSPICIOUS_MOVE = YES;
				CLANG_WARN_UNGUARDED_AVAILABILITY = YES_AGGRESSIVE;
				CLANG_WARN_UNREACHABLE_CODE = YES;
				CLANG_WARN__DUPLICATE_METHOD_MATCH = YES;
				COPY_PHASE_STRIP = NO;
				DEBUG_INFORMATION_FORMAT = "dwarf-with-dsym";
				ENABLE_NS_ASSERTIONS = NO;
				ENABLE_STRICT_OBJC_MSGSEND = YES;
				GCC_C_LANGUAGE_STANDARD = gnu11;
				GCC_NO_COMMON_BLOCKS = YES;
				GCC_WARN_64_TO_32_BIT_CONVERSION = YES;
				GCC_WARN_ABOUT_RETURN_TYPE = YES_ERROR;
				GCC_WARN_UNDECLARED_SELECTOR = YES;
				GCC_WARN_UNINITIALIZED_AUTOS = YES_AGGRESSIVE;
				GCC_WARN_UNUSED_FUNCTION = YES;
				GCC_WARN_UNUSED_VARIABLE = YES;
				IPHONEOS_DEPLOYMENT_TARGET = 13.2;
				MTL_ENABLE_DEBUG_INFO = NO;
				MTL_FAST_MATH = YES;
				SDKROOT = iphoneos;
				SWIFT_COMPILATION_MODE = wholemodule;
				SWIFT_OPTIMIZATION_LEVEL = "-O";
				VALIDATE_PRODUCT = YES;
			};
			name = Release;
		};
		E18E0E962427A2D8004D601E /* Debug */ = {
			isa = XCBuildConfiguration;
			buildSettings = {
				ASSETCATALOG_COMPILER_APPICON_NAME = AppIcon;
				CODE_SIGN_STYLE = Automatic;
				INFOPLIST_FILE = ResumeApp/Info.plist;
				LD_RUNPATH_SEARCH_PATHS = (
					"$(inherited)",
					"@executable_path/Frameworks",
				);
				PRODUCT_BUNDLE_IDENTIFIER = com.bjtu.ResumeApp;
				PRODUCT_NAME = "$(TARGET_NAME)";
				SWIFT_VERSION = 5.0;
				TARGETED_DEVICE_FAMILY = "1,2";
			};
			name = Debug;
		};
		E18E0E972427A2D8004D601E /* Release */ = {
			isa = XCBuildConfiguration;
			buildSettings = {
				ASSETCATALOG_COMPILER_APPICON_NAME = AppIcon;
				CODE_SIGN_STYLE = Automatic;
				INFOPLIST_FILE = ResumeApp/Info.plist;
				LD_RUNPATH_SEARCH_PATHS = (
					"$(inherited)",
					"@executable_path/Frameworks",
				);
				PRODUCT_BUNDLE_IDENTIFIER = com.bjtu.ResumeApp;
				PRODUCT_NAME = "$(TARGET_NAME)";
				SWIFT_VERSION = 5.0;
				TARGETED_DEVICE_FAMILY = "1,2";
			};
			name = Release;
		};
/* End XCBuildConfiguration section */

/* Begin XCConfigurationList section */
		E18E0E7C2427A2D5004D601E /* Build configuration list for PBXProject "ResumeApp" */ = {
			isa = XCConfigurationList;
			buildConfigurations = (
				E18E0E932427A2D8004D601E /* Debug */,
				E18E0E942427A2D8004D601E /* Release */,
			);
			defaultConfigurationIsVisible = 0;
			defaultConfigurationName = Release;
		};
		E18E0E952427A2D8004D601E /* Build configuration list for PBXNativeTarget "ResumeApp" */ = {
			isa = XCConfigurationList;
			buildConfigurations = (
				E18E0E962427A2D8004D601E /* Debug */,
				E18E0E972427A2D8004D601E /* Release */,
			);
			defaultConfigurationIsVisible = 0;
			defaultConfigurationName = Release;
		};
/* End XCConfigurationList section */

/* Begin XCVersionGroup section */
		E1240E89243364C500AA96DF /* Models.xcdatamodeld */ = {
			isa = XCVersionGroup;
			children = (
				E1240E8A243364C500AA96DF /* Models.xcdatamodel */,
			);
			currentVersion = E1240E8A243364C500AA96DF /* Models.xcdatamodel */;
			path = Models.xcdatamodeld;
			sourceTree = "<group>";
			versionGroupType = wrapper.xcdatamodel;
		};
/* End XCVersionGroup section */
	};
	rootObject = E18E0E792427A2D5004D601E /* Project object */;
}
